
Microsoft Visual Studio Solution File, Format Version 12.00
# Visual Studio Version 17
VisualStudioVersion = 17.2.32630.192
MinimumVisualStudioVersion = 10.0.40219.1
Project("{FAE04EC0-301F-11D3-BF4B-00C04F79EFBC}") = "prjArraysAndTextFiles", "prjArraysAndTextFiles\prjArraysAndTextFiles.csproj", "{8F83678F-C9E2-4B05-9A3A-B8897FBB36FE}"
EndProject
Global
	GlobalSection(SolutionConfigurationPlatforms) = preSolution
		Debug|Any CPU = Debug|Any CPU
		Release|Any CPU = Release|Any CPU
	EndGlobalSection
	GlobalSection(ProjectConfigurationPlatforms) = postSolution
		{8F83678F-C9E2-4B05-9A3A-B8897FBB36FE}.Debug|Any CPU.ActiveCfg = Debug|Any CPU
		{8F83678F-C9E2-4B05-9A3A-B8897FBB36FE}.Debug|Any CPU.Build.0 = Debug|Any CPU
		{8F83678F-C9E2-4B05-9A3A-B8897FBB36FE}.Release|Any CPU.ActiveCfg = Release|Any CPU
		{8F83678F-C9E2-4B05-9A3A-B8897FBB36FE}.Release|Any CPU.Build.0 = Release|Any CPU
	EndGlobalSection
	GlobalSection(SolutionProperties) = preSolution
		HideSolutionNode = FALSE
	EndGlobalSection
	GlobalSection(ExtensibilityGlobals) = postSolution
		SolutionGuid = {B1381489-241A-4FAD-A139-F111F20836A9}
	EndGlobalSection
EndGlobal
